
Microsoft Visual Studio Solution File, Format Version 12.00
# Visual Studio Version 17
VisualStudioVersion = 17.6.33829.357
MinimumVisualStudioVersion = 10.0.40219.1
Project("{2150E333-8FDC-42A3-9474-1A3956D46DE8}") = "Solution Items", "Solution Items", "{734DACC1-1C7F-4CE4-AD22-C0790DC31371}"
	ProjectSection(SolutionItems) = preProject
		.editorconfig = .editorconfig
		airlines_queries.pssql = airlines_queries.pssql
		airline_management_prd.md = airline_management_prd.md
		airline_specific_notes.txt = airline_specific_notes.txt
		Assumptions.txt = Assumptions.txt
		deleted_code.txt = deleted_code.txt
		global.json = global.json
		notes.txt = notes.txt
		NunooAirlines.drawio = NunooAirlines.drawio
		..\Hubtel\Hubtel.CCI\src\Hubtel.CCI.Api\Services\Providers\PuppeteerPdfGeneratorService.cs = ..\Hubtel\Hubtel.CCI\src\Hubtel.CCI.Api\Services\Providers\PuppeteerPdfGeneratorService.cs
		README.md = README.md
		schema_re_design.txt = schema_re_design.txt
		SystemDesign.txt = SystemDesign.txt
		ToDoLater.txt = ToDoLater.txt
		UnindexedDb.MD = UnindexedDb.MD
		user_story.txt = user_story.txt
	EndProjectSection
EndProject
Project("{2150E333-8FDC-42A3-9474-1A3956D46DE8}") = "SerilogLogs", "SerilogLogs", "{7F9A5678-85E4-4CFC-9D4A-87360D229D2A}"
	ProjectSection(SolutionItems) = preProject
		TextFile1.txt = TextFile1.txt
	EndProjectSection
EndProject
Project("{2150E333-8FDC-42A3-9474-1A3956D46DE8}") = "src", "src", "{36D18CCD-09B6-4810-AFE9-7F623E1A18C4}"
EndProject
Project("{2150E333-8FDC-42A3-9474-1A3956D46DE8}") = "tests", "tests", "{729513CE-9794-411E-A3E9-9A6A20B635BA}"
EndProject
Project("{2150E333-8FDC-42A3-9474-1A3956D46DE8}") = "APIs", "APIs", "{02EA681E-C7D8-13C7-8484-4AC65E1B71E8}"
EndProject
Project("{2150E333-8FDC-42A3-9474-1A3956D46DE8}") = "Commons", "Commons", "{E17BD474-FA06-4482-A8FE-F8B7FC8E1F06}"
EndProject
Project("{2150E333-8FDC-42A3-9474-1A3956D46DE8}") = "QueueConsumers", "QueueConsumers", "{06335DE8-22F5-4938-BF01-C76A21A46A34}"
EndProject
Project("{2150E333-8FDC-42A3-9474-1A3956D46DE8}") = "EventStreamConsumers", "EventStreamConsumers", "{80C859F8-AFA7-4D47-81BF-41C5FD24F836}"
EndProject
Project("{2150E333-8FDC-42A3-9474-1A3956D46DE8}") = "BackgroundWorkers", "BackgroundWorkers", "{EA559FA6-67FA-4061-A705-100F746F72D6}"
EndProject
Project("{2150E333-8FDC-42A3-9474-1A3956D46DE8}") = "ServerRenderPages", "ServerRenderPages", "{F47D4B96-E27A-4EEF-956F-1AA3D6963A7E}"
EndProject
Project("{FAE04EC0-301F-11D3-BF4B-00C04F79EFBC}") = "Airlines.Api", "src\APIs\Airlines.Api\Airlines.Api.csproj", "{28DBA7C9-8980-F607-780F-D1E7333D49A7}"
EndProject
Project("{FAE04EC0-301F-11D3-BF4B-00C04F79EFBC}") = "BookingProcessorWorkerService", "src\BackgroundWorkers\BookingProcessorWorkerService\BookingProcessorWorkerService.csproj", "{DB5F4973-AAC1-0288-38AE-6E89CFDE754E}"
EndProject
Project("{FAE04EC0-301F-11D3-BF4B-00C04F79EFBC}") = "EmailSenderWorkerService", "src\BackgroundWorkers\EmailSenderWorkerService\EmailSenderWorkerService.csproj", "{BCAEB2C5-F8CE-23B8-61F1-599710609CAA}"
EndProject
Global
	GlobalSection(SolutionConfigurationPlatforms) = preSolution
		Debug|Any CPU = Debug|Any CPU
		Release|Any CPU = Release|Any CPU
	EndGlobalSection
	GlobalSection(ProjectConfigurationPlatforms) = postSolution
		{28DBA7C9-8980-F607-780F-D1E7333D49A7}.Debug|Any CPU.ActiveCfg = Debug|Any CPU
		{28DBA7C9-8980-F607-780F-D1E7333D49A7}.Debug|Any CPU.Build.0 = Debug|Any CPU
		{28DBA7C9-8980-F607-780F-D1E7333D49A7}.Release|Any CPU.ActiveCfg = Release|Any CPU
		{28DBA7C9-8980-F607-780F-D1E7333D49A7}.Release|Any CPU.Build.0 = Release|Any CPU
		{DB5F4973-AAC1-0288-38AE-6E89CFDE754E}.Debug|Any CPU.ActiveCfg = Debug|Any CPU
		{DB5F4973-AAC1-0288-38AE-6E89CFDE754E}.Debug|Any CPU.Build.0 = Debug|Any CPU
		{DB5F4973-AAC1-0288-38AE-6E89CFDE754E}.Release|Any CPU.ActiveCfg = Release|Any CPU
		{DB5F4973-AAC1-0288-38AE-6E89CFDE754E}.Release|Any CPU.Build.0 = Release|Any CPU
		{BCAEB2C5-F8CE-23B8-61F1-599710609CAA}.Debug|Any CPU.ActiveCfg = Debug|Any CPU
		{BCAEB2C5-F8CE-23B8-61F1-599710609CAA}.Debug|Any CPU.Build.0 = Debug|Any CPU
		{BCAEB2C5-F8CE-23B8-61F1-599710609CAA}.Release|Any CPU.ActiveCfg = Release|Any CPU
		{BCAEB2C5-F8CE-23B8-61F1-599710609CAA}.Release|Any CPU.Build.0 = Release|Any CPU
	EndGlobalSection
	GlobalSection(SolutionProperties) = preSolution
		HideSolutionNode = FALSE
	EndGlobalSection
	GlobalSection(NestedProjects) = preSolution
		{7F9A5678-85E4-4CFC-9D4A-87360D229D2A} = {734DACC1-1C7F-4CE4-AD22-C0790DC31371}
		{02EA681E-C7D8-13C7-8484-4AC65E1B71E8} = {36D18CCD-09B6-4810-AFE9-7F623E1A18C4}
		{E17BD474-FA06-4482-A8FE-F8B7FC8E1F06} = {36D18CCD-09B6-4810-AFE9-7F623E1A18C4}
		{06335DE8-22F5-4938-BF01-C76A21A46A34} = {36D18CCD-09B6-4810-AFE9-7F623E1A18C4}
		{80C859F8-AFA7-4D47-81BF-41C5FD24F836} = {36D18CCD-09B6-4810-AFE9-7F623E1A18C4}
		{EA559FA6-67FA-4061-A705-100F746F72D6} = {36D18CCD-09B6-4810-AFE9-7F623E1A18C4}
		{F47D4B96-E27A-4EEF-956F-1AA3D6963A7E} = {36D18CCD-09B6-4810-AFE9-7F623E1A18C4}
		{28DBA7C9-8980-F607-780F-D1E7333D49A7} = {02EA681E-C7D8-13C7-8484-4AC65E1B71E8}
		{DB5F4973-AAC1-0288-38AE-6E89CFDE754E} = {EA559FA6-67FA-4061-A705-100F746F72D6}
		{BCAEB2C5-F8CE-23B8-61F1-599710609CAA} = {EA559FA6-67FA-4061-A705-100F746F72D6}
	EndGlobalSection
	GlobalSection(ExtensibilityGlobals) = postSolution
		SolutionGuid = {65AF98C2-E278-447E-BE02-F6FE7F102300}
	EndGlobalSection
EndGlobal
