
Microsoft Visual Studio Solution File, Format Version 12.00
# Visual Studio Version 17
VisualStudioVersion = 17.6.33829.357
MinimumVisualStudioVersion = 10.0.40219.1
Project("{2150E333-8FDC-42A3-9474-1A3956D46DE8}") = "Solution Items", "Solution Items", "{734DACC1-1C7F-4CE4-AD22-C0790DC31371}"
	ProjectSection(SolutionItems) = preProject
		.editorconfig = .editorconfig
		airlines_queries.pssql = airlines_queries.pssql
		Assumptions.txt = Assumptions.txt
		deleted_code.txt = deleted_code.txt
		global.json = global.json
		notes.txt = notes.txt
		README.md = README.md
		schema_re_design.txt = schema_re_design.txt
		SystemDesign.txt = SystemDesign.txt
		ToDoLater.txt = ToDoLater.txt
		UnindexedDb.MD = UnindexedDb.MD
		user_story.txt = user_story.txt
	EndProjectSection
EndProject
Project("{2150E333-8FDC-42A3-9474-1A3956D46DE8}") = "SerilogLogs", "SerilogLogs", "{7F9A5678-85E4-4CFC-9D4A-87360D229D2A}"
	ProjectSection(SolutionItems) = preProject
		TextFile1.txt = TextFile1.txt
	EndProjectSection
EndProject
Project("{2150E333-8FDC-42A3-9474-1A3956D46DE8}") = "src", "src", "{36D18CCD-09B6-4810-AFE9-7F623E1A18C4}"
EndProject
Project("{2150E333-8FDC-42A3-9474-1A3956D46DE8}") = "tests", "tests", "{729513CE-9794-411E-A3E9-9A6A20B635BA}"
EndProject
Project("{2150E333-8FDC-42A3-9474-1A3956D46DE8}") = "Presentation", "Presentation", "{88804365-1986-46FD-ADFA-064A9F0276E5}"
EndProject
Project("{2150E333-8FDC-42A3-9474-1A3956D46DE8}") = "BackgroundServices", "BackgroundServices", "{E3D3B4C1-BE75-4096-BB0E-8B6B64AC00B0}"
EndProject
Project("{2150E333-8FDC-42A3-9474-1A3956D46DE8}") = "APIs", "APIs", "{E08BA561-9389-4E8E-93F4-05C4FB9C4B8A}"
EndProject
Project("{FAE04EC0-301F-11D3-BF4B-00C04F79EFBC}") = "Airlines.Domain", "src\Domain\Airlines.Domain\Airlines.Domain.csproj", "{FAD2BC23-D203-4B1F-8B45-1C1F6F0288B0}"
EndProject
Project("{FAE04EC0-301F-11D3-BF4B-00C04F79EFBC}") = "Airlines.Infrastructure", "src\Infrastructure\Airlines.Infrastructure\Airlines.Infrastructure.csproj", "{DE785EF0-9E95-4D64-A4AE-63A3D825B385}"
EndProject
Project("{FAE04EC0-301F-11D3-BF4B-00C04F79EFBC}") = "Airlines.Application", "src\Application\Airlines.Application\Airlines.Application.csproj", "{30E261A9-E7BF-4C6C-9C0B-1C1F570B3060}"
EndProject
Project("{2150E333-8FDC-42A3-9474-1A3956D46DE8}") = "Mvc", "Mvc", "{02EA681E-C7D8-13C7-8484-4AC65E1B71E8}"
EndProject
Global
	GlobalSection(SolutionConfigurationPlatforms) = preSolution
		Debug|Any CPU = Debug|Any CPU
		Release|Any CPU = Release|Any CPU
	EndGlobalSection
	GlobalSection(ProjectConfigurationPlatforms) = postSolution
		{FAD2BC23-D203-4B1F-8B45-1C1F6F0288B0}.Debug|Any CPU.ActiveCfg = Debug|Any CPU
		{FAD2BC23-D203-4B1F-8B45-1C1F6F0288B0}.Debug|Any CPU.Build.0 = Debug|Any CPU
		{FAD2BC23-D203-4B1F-8B45-1C1F6F0288B0}.Release|Any CPU.ActiveCfg = Release|Any CPU
		{FAD2BC23-D203-4B1F-8B45-1C1F6F0288B0}.Release|Any CPU.Build.0 = Release|Any CPU
		{DE785EF0-9E95-4D64-A4AE-63A3D825B385}.Debug|Any CPU.ActiveCfg = Debug|Any CPU
		{DE785EF0-9E95-4D64-A4AE-63A3D825B385}.Debug|Any CPU.Build.0 = Debug|Any CPU
		{DE785EF0-9E95-4D64-A4AE-63A3D825B385}.Release|Any CPU.ActiveCfg = Release|Any CPU
		{DE785EF0-9E95-4D64-A4AE-63A3D825B385}.Release|Any CPU.Build.0 = Release|Any CPU
		{30E261A9-E7BF-4C6C-9C0B-1C1F570B3060}.Debug|Any CPU.ActiveCfg = Debug|Any CPU
		{30E261A9-E7BF-4C6C-9C0B-1C1F570B3060}.Debug|Any CPU.Build.0 = Debug|Any CPU
		{30E261A9-E7BF-4C6C-9C0B-1C1F570B3060}.Release|Any CPU.ActiveCfg = Release|Any CPU
		{30E261A9-E7BF-4C6C-9C0B-1C1F570B3060}.Release|Any CPU.Build.0 = Release|Any CPU
	EndGlobalSection
	GlobalSection(SolutionProperties) = preSolution
		HideSolutionNode = FALSE
	EndGlobalSection
	GlobalSection(NestedProjects) = preSolution
		{7F9A5678-85E4-4CFC-9D4A-87360D229D2A} = {734DACC1-1C7F-4CE4-AD22-C0790DC31371}
		{88804365-1986-46FD-ADFA-064A9F0276E5} = {36D18CCD-09B6-4810-AFE9-7F623E1A18C4}
		{E3D3B4C1-BE75-4096-BB0E-8B6B64AC00B0} = {88804365-1986-46FD-ADFA-064A9F0276E5}
		{E08BA561-9389-4E8E-93F4-05C4FB9C4B8A} = {88804365-1986-46FD-ADFA-064A9F0276E5}
		{FAD2BC23-D203-4B1F-8B45-1C1F6F0288B0} = {36D18CCD-09B6-4810-AFE9-7F623E1A18C4}
		{DE785EF0-9E95-4D64-A4AE-63A3D825B385} = {36D18CCD-09B6-4810-AFE9-7F623E1A18C4}
		{30E261A9-E7BF-4C6C-9C0B-1C1F570B3060} = {36D18CCD-09B6-4810-AFE9-7F623E1A18C4}
		{02EA681E-C7D8-13C7-8484-4AC65E1B71E8} = {88804365-1986-46FD-ADFA-064A9F0276E5}
	EndGlobalSection
	GlobalSection(ExtensibilityGlobals) = postSolution
		SolutionGuid = {65AF98C2-E278-447E-BE02-F6FE7F102300}
	EndGlobalSection
EndGlobal
