
Microsoft Visual Studio Solution File, Format Version 12.00
# Visual Studio Version 17
VisualStudioVersion = 17.6.33829.357
MinimumVisualStudioVersion = 10.0.40219.1
Project("{2150E333-8FDC-42A3-9474-1A3956D46DE8}") = "Solution Items", "Solution Items", "{734DACC1-1C7F-4CE4-AD22-C0790DC31371}"
	ProjectSection(SolutionItems) = preProject
		.editorconfig = .editorconfig
		airlines_queries.pssql = airlines_queries.pssql
		deleted_code.txt = deleted_code.txt
		notes.txt = notes.txt
		README.md = README.md
		schema_re_design.txt = schema_re_design.txt
		UnindexedDb.MD = UnindexedDb.MD
		ToDoLater.txt = ToDoLater.txt
		user_story.txt = user_story.txt
	EndProjectSection
EndProject
Project("{2150E333-8FDC-42A3-9474-1A3956D46DE8}") = "SerilogLogs", "SerilogLogs", "{7F9A5678-85E4-4CFC-9D4A-87360D229D2A}"
	ProjectSection(SolutionItems) = preProject
		TextFile1.txt = TextFile1.txt
	EndProjectSection
EndProject
Project("{9A19103F-16F7-4668-BE54-9A1E7A4F7556}") = "AirlinesApi", "Airlines.Presentation\AirlinesApi\AirlinesApi.csproj", "{BA4D9A28-E6C6-463C-A66A-170E746DC0ED}"
EndProject
Project("{9A19103F-16F7-4668-BE54-9A1E7A4F7556}") = "EmailSenderWorkerService", "Airlines.Infrastructure\EmailSenderWorkerService\EmailSenderWorkerService.csproj", "{6A155322-89E2-466B-A56C-BAC26F3C3861}"
EndProject
Project("{9A19103F-16F7-4668-BE54-9A1E7A4F7556}") = "Airlines.Domain", "Airlines.Domain\Airlines.Domain\Airlines.Domain.csproj", "{AA60B823-747D-4E5C-B154-945819ECF0C0}"
EndProject
Project("{54A90642-561A-4BB1-A94E-469ADEE60C69}") = "AirlinesWeb", "Airlines.Presentation\AirlinesWeb\AirlinesWeb.esproj", "{C02E4EE1-BEF3-439F-A325-15E59E118235}"
EndProject
Project("{9A19103F-16F7-4668-BE54-9A1E7A4F7556}") = "Tests.Unit.Airlines", "Tests.Airlines\Tests.Unit.Airlines.csproj", "{E99E1F7E-BB3E-43C7-8276-1FDC63D92153}"
EndProject
Project("{9A19103F-16F7-4668-BE54-9A1E7A4F7556}") = "Tests.Integration.Airlines", "Tests.Integration.Airlines\Tests.Integration.Airlines.csproj", "{634956BB-5381-48CF-89F2-FC58B0BD4508}"
EndProject
Project("{9A19103F-16F7-4668-BE54-9A1E7A4F7556}") = "Airlines.Infrastructure", "Airlines.Infrastructure\Airlines.Infrastructure\Airlines.Infrastructure.csproj", "{F86E7F2F-CDFB-4682-BD8B-5B6407BCEE0C}"
EndProject
Global
	GlobalSection(SolutionConfigurationPlatforms) = preSolution
		Debug|Any CPU = Debug|Any CPU
		Release|Any CPU = Release|Any CPU
	EndGlobalSection
	GlobalSection(ProjectConfigurationPlatforms) = postSolution
		{BA4D9A28-E6C6-463C-A66A-170E746DC0ED}.Debug|Any CPU.ActiveCfg = Debug|Any CPU
		{BA4D9A28-E6C6-463C-A66A-170E746DC0ED}.Debug|Any CPU.Build.0 = Debug|Any CPU
		{BA4D9A28-E6C6-463C-A66A-170E746DC0ED}.Release|Any CPU.ActiveCfg = Release|Any CPU
		{BA4D9A28-E6C6-463C-A66A-170E746DC0ED}.Release|Any CPU.Build.0 = Release|Any CPU
		{6A155322-89E2-466B-A56C-BAC26F3C3861}.Debug|Any CPU.ActiveCfg = Debug|Any CPU
		{6A155322-89E2-466B-A56C-BAC26F3C3861}.Debug|Any CPU.Build.0 = Debug|Any CPU
		{6A155322-89E2-466B-A56C-BAC26F3C3861}.Release|Any CPU.ActiveCfg = Release|Any CPU
		{6A155322-89E2-466B-A56C-BAC26F3C3861}.Release|Any CPU.Build.0 = Release|Any CPU
		{AA60B823-747D-4E5C-B154-945819ECF0C0}.Debug|Any CPU.ActiveCfg = Debug|Any CPU
		{AA60B823-747D-4E5C-B154-945819ECF0C0}.Debug|Any CPU.Build.0 = Debug|Any CPU
		{AA60B823-747D-4E5C-B154-945819ECF0C0}.Release|Any CPU.ActiveCfg = Release|Any CPU
		{AA60B823-747D-4E5C-B154-945819ECF0C0}.Release|Any CPU.Build.0 = Release|Any CPU
		{C02E4EE1-BEF3-439F-A325-15E59E118235}.Debug|Any CPU.ActiveCfg = Debug|Any CPU
		{C02E4EE1-BEF3-439F-A325-15E59E118235}.Debug|Any CPU.Build.0 = Debug|Any CPU
		{C02E4EE1-BEF3-439F-A325-15E59E118235}.Debug|Any CPU.Deploy.0 = Debug|Any CPU
		{C02E4EE1-BEF3-439F-A325-15E59E118235}.Release|Any CPU.ActiveCfg = Release|Any CPU
		{C02E4EE1-BEF3-439F-A325-15E59E118235}.Release|Any CPU.Build.0 = Release|Any CPU
		{C02E4EE1-BEF3-439F-A325-15E59E118235}.Release|Any CPU.Deploy.0 = Release|Any CPU
		{E99E1F7E-BB3E-43C7-8276-1FDC63D92153}.Debug|Any CPU.ActiveCfg = Debug|Any CPU
		{E99E1F7E-BB3E-43C7-8276-1FDC63D92153}.Debug|Any CPU.Build.0 = Debug|Any CPU
		{E99E1F7E-BB3E-43C7-8276-1FDC63D92153}.Release|Any CPU.ActiveCfg = Release|Any CPU
		{E99E1F7E-BB3E-43C7-8276-1FDC63D92153}.Release|Any CPU.Build.0 = Release|Any CPU
		{634956BB-5381-48CF-89F2-FC58B0BD4508}.Debug|Any CPU.ActiveCfg = Debug|Any CPU
		{634956BB-5381-48CF-89F2-FC58B0BD4508}.Debug|Any CPU.Build.0 = Debug|Any CPU
		{634956BB-5381-48CF-89F2-FC58B0BD4508}.Release|Any CPU.ActiveCfg = Release|Any CPU
		{634956BB-5381-48CF-89F2-FC58B0BD4508}.Release|Any CPU.Build.0 = Release|Any CPU
		{F86E7F2F-CDFB-4682-BD8B-5B6407BCEE0C}.Debug|Any CPU.ActiveCfg = Debug|Any CPU
		{F86E7F2F-CDFB-4682-BD8B-5B6407BCEE0C}.Debug|Any CPU.Build.0 = Debug|Any CPU
		{F86E7F2F-CDFB-4682-BD8B-5B6407BCEE0C}.Release|Any CPU.ActiveCfg = Release|Any CPU
		{F86E7F2F-CDFB-4682-BD8B-5B6407BCEE0C}.Release|Any CPU.Build.0 = Release|Any CPU
	EndGlobalSection
	GlobalSection(SolutionProperties) = preSolution
		HideSolutionNode = FALSE
	EndGlobalSection
	GlobalSection(NestedProjects) = preSolution
		{7F9A5678-85E4-4CFC-9D4A-87360D229D2A} = {734DACC1-1C7F-4CE4-AD22-C0790DC31371}
	EndGlobalSection
	GlobalSection(ExtensibilityGlobals) = postSolution
		SolutionGuid = {65AF98C2-E278-447E-BE02-F6FE7F102300}
	EndGlobalSection
EndGlobal
